
Microsoft Visual Studio Solution File, Format Version 12.00
# Visual Studio Version 17
VisualStudioVersion = 17.10.35013.160
MinimumVisualStudioVersion = 10.0.40219.1
Project("{FAE04EC0-301F-11D3-BF4B-00C04F79EFBC}") = "BankSystem", "BankSystem.csproj", "{957C5F21-01A9-486B-8D31-3820DE5D2F7D}"
EndProject
Project("{FAE04EC0-301F-11D3-BF4B-00C04F79EFBC}") = "BankBussiness", "..\BankBussiness\BankBussiness.csproj", "{3F12E985-9F3D-4C35-BA6F-E417A2C48C3B}"
EndProject
Project("{FAE04EC0-301F-11D3-BF4B-00C04F79EFBC}") = "BankData", "..\BankData\BankData.csproj", "{371B6B9F-DE08-44C9-814D-3360FC9104E4}"
EndProject
Global
	GlobalSection(SolutionConfigurationPlatforms) = preSolution
		Debug|Any CPU = Debug|Any CPU
		Release|Any CPU = Release|Any CPU
	EndGlobalSection
	GlobalSection(ProjectConfigurationPlatforms) = postSolution
		{957C5F21-01A9-486B-8D31-3820DE5D2F7D}.Debug|Any CPU.ActiveCfg = Debug|Any CPU
		{957C5F21-01A9-486B-8D31-3820DE5D2F7D}.Debug|Any CPU.Build.0 = Debug|Any CPU
		{957C5F21-01A9-486B-8D31-3820DE5D2F7D}.Release|Any CPU.ActiveCfg = Release|Any CPU
		{957C5F21-01A9-486B-8D31-3820DE5D2F7D}.Release|Any CPU.Build.0 = Release|Any CPU
		{3F12E985-9F3D-4C35-BA6F-E417A2C48C3B}.Debug|Any CPU.ActiveCfg = Debug|Any CPU
		{3F12E985-9F3D-4C35-BA6F-E417A2C48C3B}.Debug|Any CPU.Build.0 = Debug|Any CPU
		{3F12E985-9F3D-4C35-BA6F-E417A2C48C3B}.Release|Any CPU.ActiveCfg = Release|Any CPU
		{3F12E985-9F3D-4C35-BA6F-E417A2C48C3B}.Release|Any CPU.Build.0 = Release|Any CPU
		{371B6B9F-DE08-44C9-814D-3360FC9104E4}.Debug|Any CPU.ActiveCfg = Debug|Any CPU
		{371B6B9F-DE08-44C9-814D-3360FC9104E4}.Debug|Any CPU.Build.0 = Debug|Any CPU
		{371B6B9F-DE08-44C9-814D-3360FC9104E4}.Release|Any CPU.ActiveCfg = Release|Any CPU
		{371B6B9F-DE08-44C9-814D-3360FC9104E4}.Release|Any CPU.Build.0 = Release|Any CPU
	EndGlobalSection
	GlobalSection(SolutionProperties) = preSolution
		HideSolutionNode = FALSE
	EndGlobalSection
	GlobalSection(ExtensibilityGlobals) = postSolution
		SolutionGuid = {5C5ED2A7-4DBF-4980-9E0D-518D348BAF34}
	EndGlobalSection
EndGlobal
